
Microsoft Visual Studio Solution File, Format Version 12.00
# Visual Studio Version 17
VisualStudioVersion = 17.3.32825.248
MinimumVisualStudioVersion = 10.0.40219.1
Project("{FAE04EC0-301F-11D3-BF4B-00C04F79EFBC}") = "Deliverable_4", "Deliverable_4\Deliverable_4.csproj", "{DD1CD527-F198-40A8-B048-81D427E7E2FE}"
EndProject
Global
	GlobalSection(SolutionConfigurationPlatforms) = preSolution
		Debug|Any CPU = Debug|Any CPU
		Release|Any CPU = Release|Any CPU
	EndGlobalSection
	GlobalSection(ProjectConfigurationPlatforms) = postSolution
		{DD1CD527-F198-40A8-B048-81D427E7E2FE}.Debug|Any CPU.ActiveCfg = Debug|Any CPU
		{DD1CD527-F198-40A8-B048-81D427E7E2FE}.Debug|Any CPU.Build.0 = Debug|Any CPU
		{DD1CD527-F198-40A8-B048-81D427E7E2FE}.Release|Any CPU.ActiveCfg = Release|Any CPU
		{DD1CD527-F198-40A8-B048-81D427E7E2FE}.Release|Any CPU.Build.0 = Release|Any CPU
	EndGlobalSection
	GlobalSection(SolutionProperties) = preSolution
		HideSolutionNode = FALSE
	EndGlobalSection
	GlobalSection(ExtensibilityGlobals) = postSolution
		SolutionGuid = {2AA30FF9-15F3-4DAC-9585-5D8460DF4472}
	EndGlobalSection
EndGlobal
